{
  "name": "mediation-vue-front",
  "version": "1.0.0",
  "lockfileVersion": 1,
  "requires": true,
  "dependencies": {
    "vue2-filters": {
      "version": "0.3.0",
      "resolved": "https://registry.npmjs.org/vue2-filters/-/vue2-filters-0.3.0.tgz",
      "integrity": "sha512-/i2gHtSfedzbgaC6rHuWTggCW9G6mLWZQ8TQgYciE2ei9iOlyB4iobubNr/7APjoYmupFtXv125yZfXygPV2+A=="
    }
  }
}
